
Microsoft Visual Studio Solution File, Format Version 12.00
# Visual Studio Version 17
VisualStudioVersion = 17.9.34728.123
MinimumVisualStudioVersion = 10.0.40219.1
Project("{FAE04EC0-301F-11D3-BF4B-00C04F79EFBC}") = "Homework_21", "Homework_21.csproj", "{6F5DCECD-EFD5-4C84-BB2D-883BAD87E5EE}"
EndProject
Global
	GlobalSection(SolutionConfigurationPlatforms) = preSolution
		Debug|Any CPU = Debug|Any CPU
		Release|Any CPU = Release|Any CPU
	EndGlobalSection
	GlobalSection(ProjectConfigurationPlatforms) = postSolution
		{6F5DCECD-EFD5-4C84-BB2D-883BAD87E5EE}.Debug|Any CPU.ActiveCfg = Debug|Any CPU
		{6F5DCECD-EFD5-4C84-BB2D-883BAD87E5EE}.Debug|Any CPU.Build.0 = Debug|Any CPU
		{6F5DCECD-EFD5-4C84-BB2D-883BAD87E5EE}.Release|Any CPU.ActiveCfg = Release|Any CPU
		{6F5DCECD-EFD5-4C84-BB2D-883BAD87E5EE}.Release|Any CPU.Build.0 = Release|Any CPU
	EndGlobalSection
	GlobalSection(SolutionProperties) = preSolution
		HideSolutionNode = FALSE
	EndGlobalSection
	GlobalSection(ExtensibilityGlobals) = postSolution
		SolutionGuid = {E696DB76-8462-4B0F-9891-AB138EC8A65A}
	EndGlobalSection
EndGlobal
